{
  "originHash" : "f0b24476398a5cd412e599f30733883903b50094e102eb06ab15eda494a9447a",
  "pins" : [
    {
      "identity" : "capacitor-swift-pm",
      "kind" : "remoteSourceControl",
      "location" : "https://github.com/ionic-team/capacitor-swift-pm.git",
      "state" : {
        "branch" : "main",
        "revision" : "018d204bf2f6d412bb4a8960af0ce06c98566858"
      }
    }
  ],
  "version" : 3
}
